{
  "object": {
    "pins": [
      {
        "package": "CPNG",
        "repositoryURL": "https://github.com/LouiseDevTeam/CPNG.git",
        "state": {
          "branch": null,
          "revision": "d8319d6bd0c77af07fc5bf1207130e3ef4bd90cc",
          "version": "0.0.4"
        }
      },
      {
        "package": "CWebP",
        "repositoryURL": "https://github.com/LouiseDevTeam/CWebP.git",
        "state": {
          "branch": null,
          "revision": "84e34b7f1e63e277caff796920cb76554b8d625f",
          "version": "0.0.1"
        }
      }
    ]
  },
  "version": 1
}
